
Microsoft Visual Studio Solution File, Format Version 12.00
# Visual Studio Version 16
VisualStudioVersion = 16.0.29324.140
MinimumVisualStudioVersion = 10.0.40219.1
Project("{FAE04EC0-301F-11D3-BF4B-00C04F79EFBC}") = "ExifManager", "ExifManager\ExifManager.csproj", "{AAEEF495-5722-4F44-B095-3539C307E8F3}"
EndProject
Global
	GlobalSection(SolutionConfigurationPlatforms) = preSolution
		Debug|Any CPU = Debug|Any CPU
		Release|Any CPU = Release|Any CPU
	EndGlobalSection
	GlobalSection(ProjectConfigurationPlatforms) = postSolution
		{AAEEF495-5722-4F44-B095-3539C307E8F3}.Debug|Any CPU.ActiveCfg = Debug|Any CPU
		{AAEEF495-5722-4F44-B095-3539C307E8F3}.Debug|Any CPU.Build.0 = Debug|Any CPU
		{AAEEF495-5722-4F44-B095-3539C307E8F3}.Release|Any CPU.ActiveCfg = Release|Any CPU
		{AAEEF495-5722-4F44-B095-3539C307E8F3}.Release|Any CPU.Build.0 = Release|Any CPU
		{1BD80CBA-4216-48A9-8E72-4276196144FE}.Debug|Any CPU.ActiveCfg = Debug|Any CPU
		{1BD80CBA-4216-48A9-8E72-4276196144FE}.Debug|Any CPU.Build.0 = Debug|Any CPU
		{1BD80CBA-4216-48A9-8E72-4276196144FE}.Release|Any CPU.ActiveCfg = Release|Any CPU
		{1BD80CBA-4216-48A9-8E72-4276196144FE}.Release|Any CPU.Build.0 = Release|Any CPU
	EndGlobalSection
	GlobalSection(SolutionProperties) = preSolution
		HideSolutionNode = FALSE
	EndGlobalSection
	GlobalSection(ExtensibilityGlobals) = postSolution
		SolutionGuid = {25EC4C0E-E5E6-493C-96BF-A59D6AC7C457}
	EndGlobalSection
EndGlobal
