
Microsoft Visual Studio Solution File, Format Version 12.00
# Visual Studio Version 16
VisualStudioVersion = 16.0.29503.13
MinimumVisualStudioVersion = 10.0.40219.1
Project("{FAE04EC0-301F-11D3-BF4B-00C04F79EFBC}") = "MagicFile.Windows", "MagicFile.Windows\MagicFile.Windows.csproj", "{3700FF9B-7F9E-4BFC-905F-9380F0796123}"
EndProject
Project("{9A19103F-16F7-4668-BE54-9A1E7A4F7556}") = "MagicFile.WPF", "MagicFile.WPF\MagicFile.WPF.csproj", "{F6433AE5-2B38-4C27-A7BB-16E79EBDEF35}"
EndProject
Project("{9A19103F-16F7-4668-BE54-9A1E7A4F7556}") = "MetadataExtractor", "MetadataExtractor\MetadataExtractor\MetadataExtractor.csproj", "{3B390380-318A-4C74-860C-856155939673}"
EndProject
Project("{9A19103F-16F7-4668-BE54-9A1E7A4F7556}") = "MagicFile.Console", "MagicFile.Console\MagicFile.Console.csproj", "{022F9880-F6D3-47AF-B843-420852506623}"
EndProject
Project("{9A19103F-16F7-4668-BE54-9A1E7A4F7556}") = "MetadataExtractor.Resources", "MetadataExtractor\MetadataExtractor.Resources\MetadataExtractor.Resources.csproj", "{0611EF90-F263-43F5-84AE-67B71C9C030C}"
EndProject
Project("{9A19103F-16F7-4668-BE54-9A1E7A4F7556}") = "MagicFile.Common", "MagicFile.Common\MagicFile.Common.csproj", "{2BB0F565-E7A6-4B43-B981-9C317E2CC0C7}"
EndProject
Project("{9A19103F-16F7-4668-BE54-9A1E7A4F7556}") = "MagicFile.Test", "MagicFile.Test\MagicFile.Test.csproj", "{C173339B-4E98-4312-A3D0-1963798A6156}"
EndProject
Project("{9A19103F-16F7-4668-BE54-9A1E7A4F7556}") = "ExifLibrary", "ExifLibrary\ExifLibrary\ExifLibrary.csproj", "{DC801588-587C-4B90-ABBD-A5107C451B98}"
EndProject
Project("{2150E333-8FDC-42A3-9474-1A3956D46DE8}") = "Library", "Library", "{7FE079F9-59E8-4D1D-9CB4-7EF7B7360F1D}"
EndProject
Project("{9A19103F-16F7-4668-BE54-9A1E7A4F7556}") = "SharpKml.Core", "SharpKml\SharpKml\SharpKml.Core.csproj", "{6FD9226F-11ED-490B-93A7-069D9325E741}"
EndProject
Project("{2150E333-8FDC-42A3-9474-1A3956D46DE8}") = "Tests", "Tests", "{8F44F1CE-C091-462C-845F-B6EE3822DA4D}"
EndProject
Project("{FAE04EC0-301F-11D3-BF4B-00C04F79EFBC}") = "ExifTest", "ExifLibrary\ExifTest\ExifTest.csproj", "{C54386D3-1A21-4678-BC0A-CF4990E603D2}"
EndProject
Project("{FAE04EC0-301F-11D3-BF4B-00C04F79EFBC}") = "ATLTest", "ATLTest\ATLTest.csproj", "{5F56CF43-8836-477A-B391-7CECB32E90EF}"
EndProject
Project("{FAE04EC0-301F-11D3-BF4B-00C04F79EFBC}") = "MagicFile", "MagicFile\MagicFile.csproj", "{6E685328-F1FF-40D6-A714-67006144DA51}"
EndProject
Project("{D954291E-2A0B-460D-934E-DC6B0785DB48}") = "Daramee.DaramCommonLib.Shared", "Library\Daramee.DaramCommonLib.Shared\Daramee.DaramCommonLib.Shared.shproj", "{7C78E361-8D16-47C6-A81A-D1F883707EE5}"
EndProject
Project("{D954291E-2A0B-460D-934E-DC6B0785DB48}") = "Daramee.FileTypeDetector.Shared", "Library\Daramee.FileTypeDetector.Shared\Daramee.FileTypeDetector.Shared.shproj", "{5E1C88AE-6CCA-430C-8ADB-DE4DE4CE2174}"
EndProject
Project("{D954291E-2A0B-460D-934E-DC6B0785DB48}") = "Daramee.Nargs.Shared", "Library\Daramee.Nargs.Shared\Daramee.Nargs.Shared.shproj", "{E13FAA4A-99BD-4A4D-8A1C-C1D3260278CD}"
EndProject
Project("{D954291E-2A0B-460D-934E-DC6B0785DB48}") = "Daramee.Winston.Shared", "Library\Daramee.Winston.Shared\Daramee.Winston.Shared.shproj", "{07D3172F-FF1F-4E6F-AEBE-3E725904B2A7}"
EndProject
Global
	GlobalSection(SharedMSBuildProjectFiles) = preSolution
		Library\Daramee.Winston.Shared\Daramee.Winston.Shared.projitems*{07d3172f-ff1f-4e6f-aebe-3e725904b2a7}*SharedItemsImports = 13
		Library\Daramee.FileTypeDetector.Shared\Daramee.FileTypeDetector.Shared.projitems*{5e1c88ae-6cca-430c-8adb-de4de4ce2174}*SharedItemsImports = 13
		Library\Daramee.DaramCommonLib.Shared\Daramee.DaramCommonLib.Shared.projitems*{6e685328-f1ff-40d6-a714-67006144da51}*SharedItemsImports = 5
		Library\Daramee.FileTypeDetector.Shared\Daramee.FileTypeDetector.Shared.projitems*{6e685328-f1ff-40d6-a714-67006144da51}*SharedItemsImports = 5
		Library\Daramee.Nargs.Shared\Daramee.Nargs.Shared.projitems*{6e685328-f1ff-40d6-a714-67006144da51}*SharedItemsImports = 5
		Library\Daramee.Winston.Shared\Daramee.Winston.Shared.projitems*{6e685328-f1ff-40d6-a714-67006144da51}*SharedItemsImports = 5
		Library\Daramee.DaramCommonLib.Shared\Daramee.DaramCommonLib.Shared.projitems*{7c78e361-8d16-47c6-a81a-d1f883707ee5}*SharedItemsImports = 13
		Library\Daramee.Nargs.Shared\Daramee.Nargs.Shared.projitems*{e13faa4a-99bd-4a4d-8a1c-c1d3260278cd}*SharedItemsImports = 13
	EndGlobalSection
	GlobalSection(SolutionConfigurationPlatforms) = preSolution
		Debug|Any CPU = Debug|Any CPU
		Release|Any CPU = Release|Any CPU
	EndGlobalSection
	GlobalSection(ProjectConfigurationPlatforms) = postSolution
		{3700FF9B-7F9E-4BFC-905F-9380F0796123}.Debug|Any CPU.ActiveCfg = Debug|Any CPU
		{3700FF9B-7F9E-4BFC-905F-9380F0796123}.Debug|Any CPU.Build.0 = Debug|Any CPU
		{3700FF9B-7F9E-4BFC-905F-9380F0796123}.Release|Any CPU.ActiveCfg = Release|Any CPU
		{3700FF9B-7F9E-4BFC-905F-9380F0796123}.Release|Any CPU.Build.0 = Release|Any CPU
		{F6433AE5-2B38-4C27-A7BB-16E79EBDEF35}.Debug|Any CPU.ActiveCfg = Debug|Any CPU
		{F6433AE5-2B38-4C27-A7BB-16E79EBDEF35}.Debug|Any CPU.Build.0 = Debug|Any CPU
		{F6433AE5-2B38-4C27-A7BB-16E79EBDEF35}.Release|Any CPU.ActiveCfg = Release|Any CPU
		{F6433AE5-2B38-4C27-A7BB-16E79EBDEF35}.Release|Any CPU.Build.0 = Release|Any CPU
		{3B390380-318A-4C74-860C-856155939673}.Debug|Any CPU.ActiveCfg = Debug|Any CPU
		{3B390380-318A-4C74-860C-856155939673}.Debug|Any CPU.Build.0 = Debug|Any CPU
		{3B390380-318A-4C74-860C-856155939673}.Release|Any CPU.ActiveCfg = Release|Any CPU
		{3B390380-318A-4C74-860C-856155939673}.Release|Any CPU.Build.0 = Release|Any CPU
		{022F9880-F6D3-47AF-B843-420852506623}.Debug|Any CPU.ActiveCfg = Debug|Any CPU
		{022F9880-F6D3-47AF-B843-420852506623}.Debug|Any CPU.Build.0 = Debug|Any CPU
		{022F9880-F6D3-47AF-B843-420852506623}.Release|Any CPU.ActiveCfg = Release|Any CPU
		{022F9880-F6D3-47AF-B843-420852506623}.Release|Any CPU.Build.0 = Release|Any CPU
		{0611EF90-F263-43F5-84AE-67B71C9C030C}.Debug|Any CPU.ActiveCfg = Debug|Any CPU
		{0611EF90-F263-43F5-84AE-67B71C9C030C}.Debug|Any CPU.Build.0 = Debug|Any CPU
		{0611EF90-F263-43F5-84AE-67B71C9C030C}.Release|Any CPU.ActiveCfg = Release|Any CPU
		{0611EF90-F263-43F5-84AE-67B71C9C030C}.Release|Any CPU.Build.0 = Release|Any CPU
		{2BB0F565-E7A6-4B43-B981-9C317E2CC0C7}.Debug|Any CPU.ActiveCfg = Debug|Any CPU
		{2BB0F565-E7A6-4B43-B981-9C317E2CC0C7}.Debug|Any CPU.Build.0 = Debug|Any CPU
		{2BB0F565-E7A6-4B43-B981-9C317E2CC0C7}.Release|Any CPU.ActiveCfg = Release|Any CPU
		{2BB0F565-E7A6-4B43-B981-9C317E2CC0C7}.Release|Any CPU.Build.0 = Release|Any CPU
		{C173339B-4E98-4312-A3D0-1963798A6156}.Debug|Any CPU.ActiveCfg = Debug|Any CPU
		{C173339B-4E98-4312-A3D0-1963798A6156}.Debug|Any CPU.Build.0 = Debug|Any CPU
		{C173339B-4E98-4312-A3D0-1963798A6156}.Release|Any CPU.ActiveCfg = Release|Any CPU
		{C173339B-4E98-4312-A3D0-1963798A6156}.Release|Any CPU.Build.0 = Release|Any CPU
		{DC801588-587C-4B90-ABBD-A5107C451B98}.Debug|Any CPU.ActiveCfg = Debug|Any CPU
		{DC801588-587C-4B90-ABBD-A5107C451B98}.Debug|Any CPU.Build.0 = Debug|Any CPU
		{DC801588-587C-4B90-ABBD-A5107C451B98}.Release|Any CPU.ActiveCfg = Release|Any CPU
		{DC801588-587C-4B90-ABBD-A5107C451B98}.Release|Any CPU.Build.0 = Release|Any CPU
		{6FD9226F-11ED-490B-93A7-069D9325E741}.Debug|Any CPU.ActiveCfg = Debug|Any CPU
		{6FD9226F-11ED-490B-93A7-069D9325E741}.Debug|Any CPU.Build.0 = Debug|Any CPU
		{6FD9226F-11ED-490B-93A7-069D9325E741}.Release|Any CPU.ActiveCfg = Release|Any CPU
		{6FD9226F-11ED-490B-93A7-069D9325E741}.Release|Any CPU.Build.0 = Release|Any CPU
		{C54386D3-1A21-4678-BC0A-CF4990E603D2}.Debug|Any CPU.ActiveCfg = Debug|Any CPU
		{C54386D3-1A21-4678-BC0A-CF4990E603D2}.Debug|Any CPU.Build.0 = Debug|Any CPU
		{C54386D3-1A21-4678-BC0A-CF4990E603D2}.Release|Any CPU.ActiveCfg = Release|Any CPU
		{C54386D3-1A21-4678-BC0A-CF4990E603D2}.Release|Any CPU.Build.0 = Release|Any CPU
		{5F56CF43-8836-477A-B391-7CECB32E90EF}.Debug|Any CPU.ActiveCfg = Debug|Any CPU
		{5F56CF43-8836-477A-B391-7CECB32E90EF}.Debug|Any CPU.Build.0 = Debug|Any CPU
		{5F56CF43-8836-477A-B391-7CECB32E90EF}.Release|Any CPU.ActiveCfg = Release|Any CPU
		{5F56CF43-8836-477A-B391-7CECB32E90EF}.Release|Any CPU.Build.0 = Release|Any CPU
		{6E685328-F1FF-40D6-A714-67006144DA51}.Debug|Any CPU.ActiveCfg = Debug|Any CPU
		{6E685328-F1FF-40D6-A714-67006144DA51}.Debug|Any CPU.Build.0 = Debug|Any CPU
		{6E685328-F1FF-40D6-A714-67006144DA51}.Release|Any CPU.ActiveCfg = Release|Any CPU
		{6E685328-F1FF-40D6-A714-67006144DA51}.Release|Any CPU.Build.0 = Release|Any CPU
	EndGlobalSection
	GlobalSection(SolutionProperties) = preSolution
		HideSolutionNode = FALSE
	EndGlobalSection
	GlobalSection(NestedProjects) = preSolution
		{3B390380-318A-4C74-860C-856155939673} = {7FE079F9-59E8-4D1D-9CB4-7EF7B7360F1D}
		{0611EF90-F263-43F5-84AE-67B71C9C030C} = {7FE079F9-59E8-4D1D-9CB4-7EF7B7360F1D}
		{C173339B-4E98-4312-A3D0-1963798A6156} = {8F44F1CE-C091-462C-845F-B6EE3822DA4D}
		{DC801588-587C-4B90-ABBD-A5107C451B98} = {7FE079F9-59E8-4D1D-9CB4-7EF7B7360F1D}
		{6FD9226F-11ED-490B-93A7-069D9325E741} = {7FE079F9-59E8-4D1D-9CB4-7EF7B7360F1D}
		{C54386D3-1A21-4678-BC0A-CF4990E603D2} = {8F44F1CE-C091-462C-845F-B6EE3822DA4D}
		{5F56CF43-8836-477A-B391-7CECB32E90EF} = {8F44F1CE-C091-462C-845F-B6EE3822DA4D}
		{7C78E361-8D16-47C6-A81A-D1F883707EE5} = {7FE079F9-59E8-4D1D-9CB4-7EF7B7360F1D}
		{5E1C88AE-6CCA-430C-8ADB-DE4DE4CE2174} = {7FE079F9-59E8-4D1D-9CB4-7EF7B7360F1D}
		{E13FAA4A-99BD-4A4D-8A1C-C1D3260278CD} = {7FE079F9-59E8-4D1D-9CB4-7EF7B7360F1D}
		{07D3172F-FF1F-4E6F-AEBE-3E725904B2A7} = {7FE079F9-59E8-4D1D-9CB4-7EF7B7360F1D}
	EndGlobalSection
	GlobalSection(ExtensibilityGlobals) = postSolution
		SolutionGuid = {EC8D3F05-B541-403E-BD0D-71E798A491E3}
	EndGlobalSection
EndGlobal
